// !$*UTF8*$!
{
	archiveVersion = 1;
	classes = {
	};
	objectVersion = 46;
	objects = {

/* Begin PBXBuildFile section */
		370E67E61B2D44D9000EFBC1 /* InfoPostingViewController.swift in Sources */ = {isa = PBXBuildFile; fileRef = 370E67E51B2D44D9000EFBC1 /* InfoPostingViewController.swift */; };
		375C47FC1B06D78B00EA04FE /* AppDelegate.swift in Sources */ = {isa = PBXBuildFile; fileRef = 375C47FB1B06D78B00EA04FE /* AppDelegate.swift */; };
		375C47FE1B06D78B00EA04FE /* MapViewController.swift in Sources */ = {isa = PBXBuildFile; fileRef = 375C47FD1B06D78B00EA04FE /* MapViewController.swift */; };
		375C48011B06D78B00EA04FE /* Main.storyboard in Resources */ = {isa = PBXBuildFile; fileRef = 375C47FF1B06D78B00EA04FE /* Main.storyboard */; };
		375C48031B06D78B00EA04FE /* Images.xcassets in Resources */ = {isa = PBXBuildFile; fileRef = 375C48021B06D78B00EA04FE /* Images.xcassets */; };
		375C48061B06D78B00EA04FE /* LaunchScreen.xib in Resources */ = {isa = PBXBuildFile; fileRef = 375C48041B06D78B00EA04FE /* LaunchScreen.xib */; };
		375C48121B06D78B00EA04FE /* OnTheMapTests.swift in Sources */ = {isa = PBXBuildFile; fileRef = 375C48111B06D78B00EA04FE /* OnTheMapTests.swift */; };
		375C481C1B06DAEB00EA04FE /* TableViewController.swift in Sources */ = {isa = PBXBuildFile; fileRef = 375C481B1B06DAEB00EA04FE /* TableViewController.swift */; };
		375C481E1B06DC6500EA04FE /* MapKit.framework in Frameworks */ = {isa = PBXBuildFile; fileRef = 375C481D1B06DC6500EA04FE /* MapKit.framework */; };
		375C48221B06DE9300EA04FE /* LoginViewController.swift in Sources */ = {isa = PBXBuildFile; fileRef = 375C48211B06DE9300EA04FE /* LoginViewController.swift */; };
		375C48251B098B4D00EA04FE /* UdacityClient.swift in Sources */ = {isa = PBXBuildFile; fileRef = 375C48241B098B4D00EA04FE /* UdacityClient.swift */; };
		375DDB2E1B138F2000B4CEDD /* StudenLocationClient.swift in Sources */ = {isa = PBXBuildFile; fileRef = 375DDB2D1B138F2000B4CEDD /* StudenLocationClient.swift */; };
		375DDB301B1392B400B4CEDD /* StudentInformation.swift in Sources */ = {isa = PBXBuildFile; fileRef = 375DDB2F1B1392B400B4CEDD /* StudentInformation.swift */; };
		379B1B431B2EA04C00168068 /* Utilities.swift in Sources */ = {isa = PBXBuildFile; fileRef = 379B1B421B2EA04C00168068 /* Utilities.swift */; };
/* End PBXBuildFile section */

/* Begin PBXContainerItemProxy section */
		375C480C1B06D78B00EA04FE /* PBXContainerItemProxy */ = {
			isa = PBXContainerItemProxy;
			containerPortal = 375C47EE1B06D78B00EA04FE /* Project object */;
			proxyType = 1;
			remoteGlobalIDString = 375C47F51B06D78B00EA04FE;
			remoteInfo = OnTheMap;
		};
/* End PBXContainerItemProxy section */

/* Begin PBXFileReference section */
		370E67E51B2D44D9000EFBC1 /* InfoPostingViewController.swift */ = {isa = PBXFileReference; fileEncoding = 4; lastKnownFileType = sourcecode.swift; path = InfoPostingViewController.swift; sourceTree = "<group>"; };
		375C47F61B06D78B00EA04FE /* OnTheMap.app */ = {isa = PBXFileReference; explicitFileType = wrapper.application; includeInIndex = 0; path = OnTheMap.app; sourceTree = BUILT_PRODUCTS_DIR; };
		375C47FA1B06D78B00EA04FE /* Info.plist */ = {isa = PBXFileReference; lastKnownFileType = text.plist.xml; path = Info.plist; sourceTree = "<group>"; };
		375C47FB1B06D78B00EA04FE /* AppDelegate.swift */ = {isa = PBXFileReference; lastKnownFileType = sourcecode.swift; path = AppDelegate.swift; sourceTree = "<group>"; };
		375C47FD1B06D78B00EA04FE /* MapViewController.swift */ = {isa = PBXFileReference; lastKnownFileType = sourcecode.swift; path = MapViewController.swift; sourceTree = "<group>"; };
		375C48001B06D78B00EA04FE /* Base */ = {isa = PBXFileReference; lastKnownFileType = file.storyboard; name = Base; path = Base.lproj/Main.storyboard; sourceTree = "<group>"; };
		375C48021B06D78B00EA04FE /* Images.xcassets */ = {isa = PBXFileReference; lastKnownFileType = folder.assetcatalog; path = Images.xcassets; sourceTree = "<group>"; };
		375C48051B06D78B00EA04FE /* Base */ = {isa = PBXFileReference; lastKnownFileType = file.xib; name = Base; path = Base.lproj/LaunchScreen.xib; sourceTree = "<group>"; };
		375C480B1B06D78B00EA04FE /* OnTheMapTests.xctest */ = {isa = PBXFileReference; explicitFileType = wrapper.cfbundle; includeInIndex = 0; path = OnTheMapTests.xctest; sourceTree = BUILT_PRODUCTS_DIR; };
		375C48101B06D78B00EA04FE /* Info.plist */ = {isa = PBXFileReference; lastKnownFileType = text.plist.xml; path = Info.plist; sourceTree = "<group>"; };
		375C48111B06D78B00EA04FE /* OnTheMapTests.swift */ = {isa = PBXFileReference; lastKnownFileType = sourcecode.swift; path = OnTheMapTests.swift; sourceTree = "<group>"; };
		375C481B1B06DAEB00EA04FE /* TableViewController.swift */ = {isa = PBXFileReference; fileEncoding = 4; lastKnownFileType = sourcecode.swift; path = TableViewController.swift; sourceTree = "<group>"; };
		375C481D1B06DC6500EA04FE /* MapKit.framework */ = {isa = PBXFileReference; lastKnownFileType = wrapper.framework; name = MapKit.framework; path = System/Library/Frameworks/MapKit.framework; sourceTree = SDKROOT; };
		375C48211B06DE9300EA04FE /* LoginViewController.swift */ = {isa = PBXFileReference; fileEncoding = 4; lastKnownFileType = sourcecode.swift; path = LoginViewController.swift; sourceTree = "<group>"; };
		375C48241B098B4D00EA04FE /* UdacityClient.swift */ = {isa = PBXFileReference; fileEncoding = 4; lastKnownFileType = sourcecode.swift; path = UdacityClient.swift; sourceTree = "<group>"; };
		375DDB2D1B138F2000B4CEDD /* StudenLocationClient.swift */ = {isa = PBXFileReference; fileEncoding = 4; lastKnownFileType = sourcecode.swift; path = StudenLocationClient.swift; sourceTree = "<group>"; };
		375DDB2F1B1392B400B4CEDD /* StudentInformation.swift */ = {isa = PBXFileReference; fileEncoding = 4; lastKnownFileType = sourcecode.swift; path = StudentInformation.swift; sourceTree = "<group>"; };
		379B1B421B2EA04C00168068 /* Utilities.swift */ = {isa = PBXFileReference; fileEncoding = 4; lastKnownFileType = sourcecode.swift; path = Utilities.swift; sourceTree = "<group>"; };
/* End PBXFileReference section */

/* Begin PBXFrameworksBuildPhase section */
		375C47F31B06D78B00EA04FE /* Frameworks */ = {
			isa = PBXFrameworksBuildPhase;
			buildActionMask = 2147483647;
			files = (
				375C481E1B06DC6500EA04FE /* MapKit.framework in Frameworks */,
			);
			runOnlyForDeploymentPostprocessing = 0;
		};
		375C48081B06D78B00EA04FE /* Frameworks */ = {
			isa = PBXFrameworksBuildPhase;
			buildActionMask = 2147483647;
			files = (
			);
			runOnlyForDeploymentPostprocessing = 0;
		};
/* End PBXFrameworksBuildPhase section */

/* Begin PBXGroup section */
		375C47ED1B06D78B00EA04FE = {
			isa = PBXGroup;
			children = (
				375C47F81B06D78B00EA04FE /* OnTheMap */,
				375C480E1B06D78B00EA04FE /* OnTheMapTests */,
				375C47F71B06D78B00EA04FE /* Products */,
			);
			sourceTree = "<group>";
		};
		375C47F71B06D78B00EA04FE /* Products */ = {
			isa = PBXGroup;
			children = (
				375C47F61B06D78B00EA04FE /* OnTheMap.app */,
				375C480B1B06D78B00EA04FE /* OnTheMapTests.xctest */,
			);
			name = Products;
			sourceTree = "<group>";
		};
		375C47F81B06D78B00EA04FE /* OnTheMap */ = {
			isa = PBXGroup;
			children = (
				375C48201B06DDB600EA04FE /* Model */,
				375C481F1B06DCE700EA04FE /* Controllers */,
				375C47FB1B06D78B00EA04FE /* AppDelegate.swift */,
				375C47FF1B06D78B00EA04FE /* Main.storyboard */,
				375C48021B06D78B00EA04FE /* Images.xcassets */,
				375C48041B06D78B00EA04FE /* LaunchScreen.xib */,
				375C481D1B06DC6500EA04FE /* MapKit.framework */,
				375C47F91B06D78B00EA04FE /* Supporting Files */,
				379B1B421B2EA04C00168068 /* Utilities.swift */,
			);
			path = OnTheMap;
			sourceTree = "<group>";
		};
		375C47F91B06D78B00EA04FE /* Supporting Files */ = {
			isa = PBXGroup;
			children = (
				375C47FA1B06D78B00EA04FE /* Info.plist */,
			);
			name = "Supporting Files";
			sourceTree = "<group>";
		};
		375C480E1B06D78B00EA04FE /* OnTheMapTests */ = {
			isa = PBXGroup;
			children = (
				375C48111B06D78B00EA04FE /* OnTheMapTests.swift */,
				375C480F1B06D78B00EA04FE /* Supporting Files */,
			);
			path = OnTheMapTests;
			sourceTree = "<group>";
		};
		375C480F1B06D78B00EA04FE /* Supporting Files */ = {
			isa = PBXGroup;
			children = (
				375C48101B06D78B00EA04FE /* Info.plist */,
			);
			name = "Supporting Files";
			sourceTree = "<group>";
		};
		375C481F1B06DCE700EA04FE /* Controllers */ = {
			isa = PBXGroup;
			children = (
				375C47FD1B06D78B00EA04FE /* MapViewController.swift */,
				375C481B1B06DAEB00EA04FE /* TableViewController.swift */,
				375C48211B06DE9300EA04FE /* LoginViewController.swift */,
				370E67E51B2D44D9000EFBC1 /* InfoPostingViewController.swift */,
			);
			name = Controllers;
			sourceTree = "<group>";
		};
		375C48201B06DDB600EA04FE /* Model */ = {
			isa = PBXGroup;
			children = (
				375C48241B098B4D00EA04FE /* UdacityClient.swift */,
				375DDB2D1B138F2000B4CEDD /* StudenLocationClient.swift */,
				375DDB2F1B1392B400B4CEDD /* StudentInformation.swift */,
			);
			name = Model;
			sourceTree = "<group>";
		};
/* End PBXGroup section */

/* Begin PBXNativeTarget section */
		375C47F51B06D78B00EA04FE /* OnTheMap */ = {
			isa = PBXNativeTarget;
			buildConfigurationList = 375C48151B06D78B00EA04FE /* Build configuration list for PBXNativeTarget "OnTheMap" */;
			buildPhases = (
				375C47F21B06D78B00EA04FE /* Sources */,
				375C47F31B06D78B00EA04FE /* Frameworks */,
				375C47F41B06D78B00EA04FE /* Resources */,
			);
			buildRules = (
			);
			dependencies = (
			);
			name = OnTheMap;
			productName = OnTheMap;
			productReference = 375C47F61B06D78B00EA04FE /* OnTheMap.app */;
			productType = "com.apple.product-type.application";
		};
		375C480A1B06D78B00EA04FE /* OnTheMapTests */ = {
			isa = PBXNativeTarget;
			buildConfigurationList = 375C48181B06D78B00EA04FE /* Build configuration list for PBXNativeTarget "OnTheMapTests" */;
			buildPhases = (
				375C48071B06D78B00EA04FE /* Sources */,
				375C48081B06D78B00EA04FE /* Frameworks */,
				375C48091B06D78B00EA04FE /* Resources */,
			);
			buildRules = (
			);
			dependencies = (
				375C480D1B06D78B00EA04FE /* PBXTargetDependency */,
			);
			name = OnTheMapTests;
			productName = OnTheMapTests;
			productReference = 375C480B1B06D78B00EA04FE /* OnTheMapTests.xctest */;
			productType = "com.apple.product-type.bundle.unit-test";
		};
/* End PBXNativeTarget section */

/* Begin PBXProject section */
		375C47EE1B06D78B00EA04FE /* Project object */ = {
			isa = PBXProject;
			attributes = {
				LastSwiftUpdateCheck = 0700;
				LastUpgradeCheck = 0630;
				ORGANIZATIONNAME = notlus;
				TargetAttributes = {
					375C47F51B06D78B00EA04FE = {
						CreatedOnToolsVersion = 6.3.1;
					};
					375C480A1B06D78B00EA04FE = {
						CreatedOnToolsVersion = 6.3.1;
						TestTargetID = 375C47F51B06D78B00EA04FE;
					};
				};
			};
			buildConfigurationList = 375C47F11B06D78B00EA04FE /* Build configuration list for PBXProject "OnTheMap" */;
			compatibilityVersion = "Xcode 3.2";
			developmentRegion = English;
			hasScannedForEncodings = 0;
			knownRegions = (
				en,
				Base,
			);
			mainGroup = 375C47ED1B06D78B00EA04FE;
			productRefGroup = 375C47F71B06D78B00EA04FE /* Products */;
			projectDirPath = "";
			projectRoot = "";
			targets = (
				375C47F51B06D78B00EA04FE /* OnTheMap */,
				375C480A1B06D78B00EA04FE /* OnTheMapTests */,
			);
		};
/* End PBXProject section */

/* Begin PBXResourcesBuildPhase section */
		375C47F41B06D78B00EA04FE /* Resources */ = {
			isa = PBXResourcesBuildPhase;
			buildActionMask = 2147483647;
			files = (
				375C48011B06D78B00EA04FE /* Main.storyboard in Resources */,
				375C48061B06D78B00EA04FE /* LaunchScreen.xib in Resources */,
				375C48031B06D78B00EA04FE /* Images.xcassets in Resources */,
			);
			runOnlyForDeploymentPostprocessing = 0;
		};
		375C48091B06D78B00EA04FE /* Resources */ = {
			isa = PBXResourcesBuildPhase;
			buildActionMask = 2147483647;
			files = (
			);
			runOnlyForDeploymentPostprocessing = 0;
		};
/* End PBXResourcesBuildPhase section */

/* Begin PBXSourcesBuildPhase section */
		375C47F21B06D78B00EA04FE /* Sources */ = {
			isa = PBXSourcesBuildPhase;
			buildActionMask = 2147483647;
			files = (
				375DDB2E1B138F2000B4CEDD /* StudenLocationClient.swift in Sources */,
				375C48221B06DE9300EA04FE /* LoginViewController.swift in Sources */,
				375DDB301B1392B400B4CEDD /* StudentInformation.swift in Sources */,
				375C48251B098B4D00EA04FE /* UdacityClient.swift in Sources */,
				375C47FE1B06D78B00EA04FE /* MapViewController.swift in Sources */,
				370E67E61B2D44D9000EFBC1 /* InfoPostingViewController.swift in Sources */,
				375C481C1B06DAEB00EA04FE /* TableViewController.swift in Sources */,
				379B1B431B2EA04C00168068 /* Utilities.swift in Sources */,
				375C47FC1B06D78B00EA04FE /* AppDelegate.swift in Sources */,
			);
			runOnlyForDeploymentPostprocessing = 0;
		};
		375C48071B06D78B00EA04FE /* Sources */ = {
			isa = PBXSourcesBuildPhase;
			buildActionMask = 2147483647;
			files = (
				375C48121B06D78B00EA04FE /* OnTheMapTests.swift in Sources */,
			);
			runOnlyForDeploymentPostprocessing = 0;
		};
/* End PBXSourcesBuildPhase section */

/* Begin PBXTargetDependency section */
		375C480D1B06D78B00EA04FE /* PBXTargetDependency */ = {
			isa = PBXTargetDependency;
			target = 375C47F51B06D78B00EA04FE /* OnTheMap */;
			targetProxy = 375C480C1B06D78B00EA04FE /* PBXContainerItemProxy */;
		};
/* End PBXTargetDependency section */

/* Begin PBXVariantGroup section */
		375C47FF1B06D78B00EA04FE /* Main.storyboard */ = {
			isa = PBXVariantGroup;
			children = (
				375C48001B06D78B00EA04FE /* Base */,
			);
			name = Main.storyboard;
			sourceTree = "<group>";
		};
		375C48041B06D78B00EA04FE /* LaunchScreen.xib */ = {
			isa = PBXVariantGroup;
			children = (
				375C48051B06D78B00EA04FE /* Base */,
			);
			name = LaunchScreen.xib;
			sourceTree = "<group>";
		};
/* End PBXVariantGroup section */

/* Begin XCBuildConfiguration section */
		375C48131B06D78B00EA04FE /* Debug */ = {
			isa = XCBuildConfiguration;
			buildSettings = {
				ALWAYS_SEARCH_USER_PATHS = NO;
				CLANG_CXX_LANGUAGE_STANDARD = "gnu++0x";
				CLANG_CXX_LIBRARY = "libc++";
				CLANG_ENABLE_MODULES = YES;
				CLANG_ENABLE_OBJC_ARC = YES;
				CLANG_WARN_BOOL_CONVERSION = YES;
				CLANG_WARN_CONSTANT_CONVERSION = YES;
				CLANG_WARN_DIRECT_OBJC_ISA_USAGE = YES_ERROR;
				CLANG_WARN_EMPTY_BODY = YES;
				CLANG_WARN_ENUM_CONVERSION = YES;
				CLANG_WARN_INT_CONVERSION = YES;
				CLANG_WARN_OBJC_ROOT_CLASS = YES_ERROR;
				CLANG_WARN_UNREACHABLE_CODE = YES;
				CLANG_WARN__DUPLICATE_METHOD_MATCH = YES;
				"CODE_SIGN_IDENTITY[sdk=iphoneos*]" = "iPhone Developer";
				COPY_PHASE_STRIP = NO;
				DEBUG_INFORMATION_FORMAT = "dwarf-with-dsym";
				ENABLE_STRICT_OBJC_MSGSEND = YES;
				GCC_C_LANGUAGE_STANDARD = gnu99;
				GCC_DYNAMIC_NO_PIC = NO;
				GCC_NO_COMMON_BLOCKS = YES;
				GCC_OPTIMIZATION_LEVEL = 0;
				GCC_PREPROCESSOR_DEFINITIONS = (
					"DEBUG=1",
					"$(inherited)",
				);
				GCC_SYMBOLS_PRIVATE_EXTERN = NO;
				GCC_WARN_64_TO_32_BIT_CONVERSION = YES;
				GCC_WARN_ABOUT_RETURN_TYPE = YES_ERROR;
				GCC_WARN_UNDECLARED_SELECTOR = YES;
				GCC_WARN_UNINITIALIZED_AUTOS = YES_AGGRESSIVE;
				GCC_WARN_UNUSED_FUNCTION = YES;
				GCC_WARN_UNUSED_VARIABLE = YES;
				IPHONEOS_DEPLOYMENT_TARGET = 8.3;
				MTL_ENABLE_DEBUG_INFO = YES;
				ONLY_ACTIVE_ARCH = YES;
				SDKROOT = iphoneos;
				SWIFT_OPTIMIZATION_LEVEL = "-Onone";
			};
			name = Debug;
		};
		375C48141B06D78B00EA04FE /* Release */ = {
			isa = XCBuildConfiguration;
			buildSettings = {
				ALWAYS_SEARCH_USER_PATHS = NO;
				CLANG_CXX_LANGUAGE_STANDARD = "gnu++0x";
				CLANG_CXX_LIBRARY = "libc++";
				CLANG_ENABLE_MODULES = YES;
				CLANG_ENABLE_OBJC_ARC = YES;
				CLANG_WARN_BOOL_CONVERSION = YES;
				CLANG_WARN_CONSTANT_CONVERSION = YES;
				CLANG_WARN_DIRECT_OBJC_ISA_USAGE = YES_ERROR;
				CLANG_WARN_EMPTY_BODY = YES;
				CLANG_WARN_ENUM_CONVERSION = YES;
				CLANG_WARN_INT_CONVERSION = YES;
				CLANG_WARN_OBJC_ROOT_CLASS = YES_ERROR;
				CLANG_WARN_UNREACHABLE_CODE = YES;
				CLANG_WARN__DUPLICATE_METHOD_MATCH = YES;
				"CODE_SIGN_IDENTITY[sdk=iphoneos*]" = "iPhone Developer";
				COPY_PHASE_STRIP = NO;
				DEBUG_INFORMATION_FORMAT = "dwarf-with-dsym";
				ENABLE_NS_ASSERTIONS = NO;
				ENABLE_STRICT_OBJC_MSGSEND = YES;
				GCC_C_LANGUAGE_STANDARD = gnu99;
				GCC_NO_COMMON_BLOCKS = YES;
				GCC_WARN_64_TO_32_BIT_CONVERSION = YES;
				GCC_WARN_ABOUT_RETURN_TYPE = YES_ERROR;
				GCC_WARN_UNDECLARED_SELECTOR = YES;
				GCC_WARN_UNINITIALIZED_AUTOS = YES_AGGRESSIVE;
				GCC_WARN_UNUSED_FUNCTION = YES;
				GCC_WARN_UNUSED_VARIABLE = YES;
				IPHONEOS_DEPLOYMENT_TARGET = 8.3;
				MTL_ENABLE_DEBUG_INFO = NO;
				SDKROOT = iphoneos;
				VALIDATE_PRODUCT = YES;
			};
			name = Release;
		};
		375C48161B06D78B00EA04FE /* Debug */ = {
			isa = XCBuildConfiguration;
			buildSettings = {
				ASSETCATALOG_COMPILER_APPICON_NAME = AppIcon;
				INFOPLIST_FILE = OnTheMap/Info.plist;
				LD_RUNPATH_SEARCH_PATHS = "$(inherited) @executable_path/Frameworks";
				PRODUCT_NAME = "$(TARGET_NAME)";
			};
			name = Debug;
		};
		375C48171B06D78B00EA04FE /* Release */ = {
			isa = XCBuildConfiguration;
			buildSettings = {
				ASSETCATALOG_COMPILER_APPICON_NAME = AppIcon;
				INFOPLIST_FILE = OnTheMap/Info.plist;
				LD_RUNPATH_SEARCH_PATHS = "$(inherited) @executable_path/Frameworks";
				PRODUCT_NAME = "$(TARGET_NAME)";
			};
			name = Release;
		};
		375C48191B06D78B00EA04FE /* Debug */ = {
			isa = XCBuildConfiguration;
			buildSettings = {
				BUNDLE_LOADER = "$(TEST_HOST)";
				FRAMEWORK_SEARCH_PATHS = (
					"$(SDKROOT)/Developer/Library/Frameworks",
					"$(inherited)",
				);
				GCC_PREPROCESSOR_DEFINITIONS = (
					"DEBUG=1",
					"$(inherited)",
				);
				INFOPLIST_FILE = OnTheMapTests/Info.plist;
				LD_RUNPATH_SEARCH_PATHS = "$(inherited) @executable_path/Frameworks @loader_path/Frameworks";
				PRODUCT_NAME = "$(TARGET_NAME)";
				TEST_HOST = "$(BUILT_PRODUCTS_DIR)/OnTheMap.app/OnTheMap";
			};
			name = Debug;
		};
		375C481A1B06D78B00EA04FE /* Release */ = {
			isa = XCBuildConfiguration;
			buildSettings = {
				BUNDLE_LOADER = "$(TEST_HOST)";
				FRAMEWORK_SEARCH_PATHS = (
					"$(SDKROOT)/Developer/Library/Frameworks",
					"$(inherited)",
				);
				INFOPLIST_FILE = OnTheMapTests/Info.plist;
				LD_RUNPATH_SEARCH_PATHS = "$(inherited) @executable_path/Frameworks @loader_path/Frameworks";
				PRODUCT_NAME = "$(TARGET_NAME)";
				TEST_HOST = "$(BUILT_PRODUCTS_DIR)/OnTheMap.app/OnTheMap";
			};
			name = Release;
		};
/* End XCBuildConfiguration section */

/* Begin XCConfigurationList section */
		375C47F11B06D78B00EA04FE /* Build configuration list for PBXProject "OnTheMap" */ = {
			isa = XCConfigurationList;
			buildConfigurations = (
				375C48131B06D78B00EA04FE /* Debug */,
				375C48141B06D78B00EA04FE /* Release */,
			);
			defaultConfigurationIsVisible = 0;
			defaultConfigurationName = Release;
		};
		375C48151B06D78B00EA04FE /* Build configuration list for PBXNativeTarget "OnTheMap" */ = {
			isa = XCConfigurationList;
			buildConfigurations = (
				375C48161B06D78B00EA04FE /* Debug */,
				375C48171B06D78B00EA04FE /* Release */,
			);
			defaultConfigurationIsVisible = 0;
			defaultConfigurationName = Release;
		};
		375C48181B06D78B00EA04FE /* Build configuration list for PBXNativeTarget "OnTheMapTests" */ = {
			isa = XCConfigurationList;
			buildConfigurations = (
				375C48191B06D78B00EA04FE /* Debug */,
				375C481A1B06D78B00EA04FE /* Release */,
			);
			defaultConfigurationIsVisible = 0;
			defaultConfigurationName = Release;
		};
/* End XCConfigurationList section */
	};
	rootObject = 375C47EE1B06D78B00EA04FE /* Project object */;
}
